
Microsoft Visual Studio Solution File, Format Version 12.00
# Visual Studio Version 17
VisualStudioVersion = 17.12.35728.132
MinimumVisualStudioVersion = 10.0.40219.1
Project("{FAE04EC0-301F-11D3-BF4B-00C04F79EFBC}") = "CourseClassLibrary", "CourseClassLibrary\CourseClassLibrary.csproj", "{CE776A48-9586-4A6A-BA37-4740FBC327D5}"
EndProject
Project("{FAE04EC0-301F-11D3-BF4B-00C04F79EFBC}") = "Session1", "Session1\Session1.csproj", "{B6B9675B-710D-4C77-8554-4752B08FB6C8}"
EndProject
Project("{2150E333-8FDC-42A3-9474-1A3956D46DE8}") = "Session 3", "Session 3", "{02EA681E-C7D8-13C7-8484-4AC65E1B71E8}"
EndProject
Project("{2150E333-8FDC-42A3-9474-1A3956D46DE8}") = "SRP", "SRP", "{0C0B07BC-7850-474D-B239-DDB37664170B}"
	ProjectSection(SolutionItems) = preProject
		IReportProcessor.cs = IReportProcessor.cs
	EndProjectSection
EndProject
Project("{FAE04EC0-301F-11D3-BF4B-00C04F79EFBC}") = "ReportManagerFunctions", "RepottManager\ReportManagerFunctions.csproj", "{94A69070-544B-4E08-B943-1C8C1470A813}"
EndProject
Project("{FAE04EC0-301F-11D3-BF4B-00C04F79EFBC}") = "ReportManagerUnitTests", "ReportManagerTests\ReportManagerUnitTests.csproj", "{8091221E-E11F-47BF-A4E3-2885C5E66277}"
EndProject
Project("{2150E333-8FDC-42A3-9474-1A3956D46DE8}") = "OCP", "OCP", "{278C3599-CF6E-4F3D-A4E9-D01C41E5E155}"
EndProject
Project("{FAE04EC0-301F-11D3-BF4B-00C04F79EFBC}") = "PaymentProcessingLibrary", "PaymentProcessingLibrary\PaymentProcessingLibrary.csproj", "{1AB072E3-FB87-4571-A29C-CEE376F79C80}"
EndProject
Project("{FAE04EC0-301F-11D3-BF4B-00C04F79EFBC}") = "PaymentProcessorTests", "PaymentProcessorTests\PaymentProcessorTests.csproj", "{396F9F18-B3D8-42C6-9410-E1B0905A3D7C}"
EndProject
Project("{2150E333-8FDC-42A3-9474-1A3956D46DE8}") = "LSP", "LSP", "{B23DCF40-AB11-481A-ACE8-597D3C3A548A}"
EndProject
Project("{FAE04EC0-301F-11D3-BF4B-00C04F79EFBC}") = "AnimalType", "AnimalType\AnimalType.csproj", "{A22AE361-2CA6-491F-AA67-CCF96167C51D}"
EndProject
Project("{FAE04EC0-301F-11D3-BF4B-00C04F79EFBC}") = "AnimalTypeTests", "AnimalTypeTests\AnimalTypeTests.csproj", "{4C52EF8B-CBE0-436C-927C-2AA907CE39E2}"
EndProject
Project("{2150E333-8FDC-42A3-9474-1A3956D46DE8}") = "ISP", "ISP", "{2C2387ED-7E0C-48DE-A565-98D9CBFF8CF0}"
	ProjectSection(SolutionItems) = preProject
		UploadPopup.cs = UploadPopup.cs
	EndProjectSection
EndProject
Project("{2150E333-8FDC-42A3-9474-1A3956D46DE8}") = "Interfaces", "Interfaces", "{1B31C61E-7C65-445C-AD87-24AD2643A448}"
	ProjectSection(SolutionItems) = preProject
		IDialogPopup.cs = IDialogPopup.cs
		IUploadPopup.cs = IUploadPopup.cs
	EndProjectSection
EndProject
Project("{2150E333-8FDC-42A3-9474-1A3956D46DE8}") = "DIP", "DIP", "{C7089D3B-52F5-4A7A-BC6E-04ADBF2353C6}"
	ProjectSection(SolutionItems) = preProject
		CookiePopup.cs = CookiePopup.cs
		CookieTest.cs = CookieTest.cs
	EndProjectSection
EndProject
Global
	GlobalSection(SolutionConfigurationPlatforms) = preSolution
		Debug|Any CPU = Debug|Any CPU
		Release|Any CPU = Release|Any CPU
	EndGlobalSection
	GlobalSection(ProjectConfigurationPlatforms) = postSolution
		{CE776A48-9586-4A6A-BA37-4740FBC327D5}.Debug|Any CPU.ActiveCfg = Debug|Any CPU
		{CE776A48-9586-4A6A-BA37-4740FBC327D5}.Debug|Any CPU.Build.0 = Debug|Any CPU
		{CE776A48-9586-4A6A-BA37-4740FBC327D5}.Release|Any CPU.ActiveCfg = Release|Any CPU
		{CE776A48-9586-4A6A-BA37-4740FBC327D5}.Release|Any CPU.Build.0 = Release|Any CPU
		{B6B9675B-710D-4C77-8554-4752B08FB6C8}.Debug|Any CPU.ActiveCfg = Debug|Any CPU
		{B6B9675B-710D-4C77-8554-4752B08FB6C8}.Debug|Any CPU.Build.0 = Debug|Any CPU
		{B6B9675B-710D-4C77-8554-4752B08FB6C8}.Release|Any CPU.ActiveCfg = Release|Any CPU
		{B6B9675B-710D-4C77-8554-4752B08FB6C8}.Release|Any CPU.Build.0 = Release|Any CPU
		{94A69070-544B-4E08-B943-1C8C1470A813}.Debug|Any CPU.ActiveCfg = Debug|Any CPU
		{94A69070-544B-4E08-B943-1C8C1470A813}.Debug|Any CPU.Build.0 = Debug|Any CPU
		{94A69070-544B-4E08-B943-1C8C1470A813}.Release|Any CPU.ActiveCfg = Release|Any CPU
		{94A69070-544B-4E08-B943-1C8C1470A813}.Release|Any CPU.Build.0 = Release|Any CPU
		{8091221E-E11F-47BF-A4E3-2885C5E66277}.Debug|Any CPU.ActiveCfg = Debug|Any CPU
		{8091221E-E11F-47BF-A4E3-2885C5E66277}.Debug|Any CPU.Build.0 = Debug|Any CPU
		{8091221E-E11F-47BF-A4E3-2885C5E66277}.Release|Any CPU.ActiveCfg = Release|Any CPU
		{8091221E-E11F-47BF-A4E3-2885C5E66277}.Release|Any CPU.Build.0 = Release|Any CPU
		{1AB072E3-FB87-4571-A29C-CEE376F79C80}.Debug|Any CPU.ActiveCfg = Debug|Any CPU
		{1AB072E3-FB87-4571-A29C-CEE376F79C80}.Debug|Any CPU.Build.0 = Debug|Any CPU
		{1AB072E3-FB87-4571-A29C-CEE376F79C80}.Release|Any CPU.ActiveCfg = Release|Any CPU
		{1AB072E3-FB87-4571-A29C-CEE376F79C80}.Release|Any CPU.Build.0 = Release|Any CPU
		{396F9F18-B3D8-42C6-9410-E1B0905A3D7C}.Debug|Any CPU.ActiveCfg = Debug|Any CPU
		{396F9F18-B3D8-42C6-9410-E1B0905A3D7C}.Debug|Any CPU.Build.0 = Debug|Any CPU
		{396F9F18-B3D8-42C6-9410-E1B0905A3D7C}.Release|Any CPU.ActiveCfg = Release|Any CPU
		{396F9F18-B3D8-42C6-9410-E1B0905A3D7C}.Release|Any CPU.Build.0 = Release|Any CPU
		{A22AE361-2CA6-491F-AA67-CCF96167C51D}.Debug|Any CPU.ActiveCfg = Debug|Any CPU
		{A22AE361-2CA6-491F-AA67-CCF96167C51D}.Debug|Any CPU.Build.0 = Debug|Any CPU
		{A22AE361-2CA6-491F-AA67-CCF96167C51D}.Release|Any CPU.ActiveCfg = Release|Any CPU
		{A22AE361-2CA6-491F-AA67-CCF96167C51D}.Release|Any CPU.Build.0 = Release|Any CPU
		{4C52EF8B-CBE0-436C-927C-2AA907CE39E2}.Debug|Any CPU.ActiveCfg = Debug|Any CPU
		{4C52EF8B-CBE0-436C-927C-2AA907CE39E2}.Debug|Any CPU.Build.0 = Debug|Any CPU
		{4C52EF8B-CBE0-436C-927C-2AA907CE39E2}.Release|Any CPU.ActiveCfg = Release|Any CPU
		{4C52EF8B-CBE0-436C-927C-2AA907CE39E2}.Release|Any CPU.Build.0 = Release|Any CPU
	EndGlobalSection
	GlobalSection(SolutionProperties) = preSolution
		HideSolutionNode = FALSE
	EndGlobalSection
	GlobalSection(NestedProjects) = preSolution
		{0C0B07BC-7850-474D-B239-DDB37664170B} = {02EA681E-C7D8-13C7-8484-4AC65E1B71E8}
		{94A69070-544B-4E08-B943-1C8C1470A813} = {0C0B07BC-7850-474D-B239-DDB37664170B}
		{8091221E-E11F-47BF-A4E3-2885C5E66277} = {0C0B07BC-7850-474D-B239-DDB37664170B}
		{278C3599-CF6E-4F3D-A4E9-D01C41E5E155} = {02EA681E-C7D8-13C7-8484-4AC65E1B71E8}
		{1AB072E3-FB87-4571-A29C-CEE376F79C80} = {278C3599-CF6E-4F3D-A4E9-D01C41E5E155}
		{396F9F18-B3D8-42C6-9410-E1B0905A3D7C} = {278C3599-CF6E-4F3D-A4E9-D01C41E5E155}
		{B23DCF40-AB11-481A-ACE8-597D3C3A548A} = {02EA681E-C7D8-13C7-8484-4AC65E1B71E8}
		{A22AE361-2CA6-491F-AA67-CCF96167C51D} = {B23DCF40-AB11-481A-ACE8-597D3C3A548A}
		{4C52EF8B-CBE0-436C-927C-2AA907CE39E2} = {B23DCF40-AB11-481A-ACE8-597D3C3A548A}
		{2C2387ED-7E0C-48DE-A565-98D9CBFF8CF0} = {02EA681E-C7D8-13C7-8484-4AC65E1B71E8}
		{1B31C61E-7C65-445C-AD87-24AD2643A448} = {2C2387ED-7E0C-48DE-A565-98D9CBFF8CF0}
		{C7089D3B-52F5-4A7A-BC6E-04ADBF2353C6} = {02EA681E-C7D8-13C7-8484-4AC65E1B71E8}
	EndGlobalSection
	GlobalSection(ExtensibilityGlobals) = postSolution
		SolutionGuid = {F6982061-311C-408C-B5CC-216002995EA4}
	EndGlobalSection
EndGlobal
