
Microsoft Visual Studio Solution File, Format Version 12.00
# Visual Studio Version 17
VisualStudioVersion = 17.12.35728.132
MinimumVisualStudioVersion = 10.0.40219.1
Project("{FAE04EC0-301F-11D3-BF4B-00C04F79EFBC}") = "CourseClassLibrary", "CourseClassLibrary\CourseClassLibrary.csproj", "{CE776A48-9586-4A6A-BA37-4740FBC327D5}"
EndProject
Project("{FAE04EC0-301F-11D3-BF4B-00C04F79EFBC}") = "Session1", "Session1\Session1.csproj", "{B6B9675B-710D-4C77-8554-4752B08FB6C8}"
EndProject
Project("{FAE04EC0-301F-11D3-BF4B-00C04F79EFBC}") = "Session2", "Session2\Session2.csproj", "{40075B67-00D2-441B-9B69-21B776AA07C8}"
EndProject
Global
	GlobalSection(SolutionConfigurationPlatforms) = preSolution
		Debug|Any CPU = Debug|Any CPU
		Release|Any CPU = Release|Any CPU
	EndGlobalSection
	GlobalSection(ProjectConfigurationPlatforms) = postSolution
		{CE776A48-9586-4A6A-BA37-4740FBC327D5}.Debug|Any CPU.ActiveCfg = Debug|Any CPU
		{CE776A48-9586-4A6A-BA37-4740FBC327D5}.Debug|Any CPU.Build.0 = Debug|Any CPU
		{CE776A48-9586-4A6A-BA37-4740FBC327D5}.Release|Any CPU.ActiveCfg = Release|Any CPU
		{CE776A48-9586-4A6A-BA37-4740FBC327D5}.Release|Any CPU.Build.0 = Release|Any CPU
		{B6B9675B-710D-4C77-8554-4752B08FB6C8}.Debug|Any CPU.ActiveCfg = Debug|Any CPU
		{B6B9675B-710D-4C77-8554-4752B08FB6C8}.Debug|Any CPU.Build.0 = Debug|Any CPU
		{B6B9675B-710D-4C77-8554-4752B08FB6C8}.Release|Any CPU.ActiveCfg = Release|Any CPU
		{B6B9675B-710D-4C77-8554-4752B08FB6C8}.Release|Any CPU.Build.0 = Release|Any CPU
		{40075B67-00D2-441B-9B69-21B776AA07C8}.Debug|Any CPU.ActiveCfg = Debug|Any CPU
		{40075B67-00D2-441B-9B69-21B776AA07C8}.Debug|Any CPU.Build.0 = Debug|Any CPU
		{40075B67-00D2-441B-9B69-21B776AA07C8}.Release|Any CPU.ActiveCfg = Release|Any CPU
		{40075B67-00D2-441B-9B69-21B776AA07C8}.Release|Any CPU.Build.0 = Release|Any CPU
	EndGlobalSection
	GlobalSection(SolutionProperties) = preSolution
		HideSolutionNode = FALSE
	EndGlobalSection
EndGlobal
